
Microsoft Visual Studio Solution File, Format Version 12.00
# Visual Studio Version 17
VisualStudioVersion = 17.9.34723.18
MinimumVisualStudioVersion = 10.0.40219.1
Project("{FAE04EC0-301F-11D3-BF4B-00C04F79EFBC}") = "InvestigacionComplementaria5834163", "InvestigacionComplementaria5834163\InvestigacionComplementaria5834163.csproj", "{D63B0133-29AE-4B71-B7B0-6B70B5474867}"
EndProject
Global
	GlobalSection(SolutionConfigurationPlatforms) = preSolution
		Debug|Any CPU = Debug|Any CPU
		Release|Any CPU = Release|Any CPU
	EndGlobalSection
	GlobalSection(ProjectConfigurationPlatforms) = postSolution
		{D63B0133-29AE-4B71-B7B0-6B70B5474867}.Debug|Any CPU.ActiveCfg = Debug|Any CPU
		{D63B0133-29AE-4B71-B7B0-6B70B5474867}.Debug|Any CPU.Build.0 = Debug|Any CPU
		{D63B0133-29AE-4B71-B7B0-6B70B5474867}.Debug|Any CPU.Deploy.0 = Debug|Any CPU
		{D63B0133-29AE-4B71-B7B0-6B70B5474867}.Release|Any CPU.ActiveCfg = Release|Any CPU
		{D63B0133-29AE-4B71-B7B0-6B70B5474867}.Release|Any CPU.Build.0 = Release|Any CPU
		{D63B0133-29AE-4B71-B7B0-6B70B5474867}.Release|Any CPU.Deploy.0 = Release|Any CPU
	EndGlobalSection
	GlobalSection(SolutionProperties) = preSolution
		HideSolutionNode = FALSE
	EndGlobalSection
	GlobalSection(ExtensibilityGlobals) = postSolution
		SolutionGuid = {315E6612-241B-4923-B2F2-0DC8D5957A07}
	EndGlobalSection
EndGlobal
